
Microsoft Visual Studio Solution File, Format Version 12.00
# Visual Studio Version 17
VisualStudioVersion = 17.6.33723.286
MinimumVisualStudioVersion = 10.0.40219.1
Project("{FAE04EC0-301F-11D3-BF4B-00C04F79EFBC}") = "Inventario-residencias", "Inventario-residencias.csproj", "{16CDA7E7-76AC-450D-8542-2F58146EBA37}"
EndProject
Global
	GlobalSection(SolutionConfigurationPlatforms) = preSolution
		Debug|Any CPU = Debug|Any CPU
		Release|Any CPU = Release|Any CPU
	EndGlobalSection
	GlobalSection(ProjectConfigurationPlatforms) = postSolution
		{16CDA7E7-76AC-450D-8542-2F58146EBA37}.Debug|Any CPU.ActiveCfg = Debug|Any CPU
		{16CDA7E7-76AC-450D-8542-2F58146EBA37}.Debug|Any CPU.Build.0 = Debug|Any CPU
		{16CDA7E7-76AC-450D-8542-2F58146EBA37}.Release|Any CPU.ActiveCfg = Release|Any CPU
		{16CDA7E7-76AC-450D-8542-2F58146EBA37}.Release|Any CPU.Build.0 = Release|Any CPU
	EndGlobalSection
	GlobalSection(SolutionProperties) = preSolution
		HideSolutionNode = FALSE
	EndGlobalSection
	GlobalSection(ExtensibilityGlobals) = postSolution
		SolutionGuid = {6E90D19C-24CD-42CA-A985-04FCF7DF2EEB}
	EndGlobalSection
EndGlobal
